
Microsoft Visual Studio Solution File, Format Version 12.00
# Visual Studio Version 17
VisualStudioVersion = 17.6.33723.286
MinimumVisualStudioVersion = 10.0.40219.1
Project("{9A19103F-16F7-4668-BE54-9A1E7A4F7556}") = "ElevatorSystem", "ConsoleApp2\ElevatorSystem.csproj", "{5C954653-B949-414C-9000-7E2794CFC72A}"
EndProject
Project("{FAE04EC0-301F-11D3-BF4B-00C04F79EFBC}") = "ElevatorSystem.Tests", "ElevatorSystem.Tests\ElevatorSystem.Tests.csproj", "{954CDE8B-5B6E-4056-9FA4-F5B0D311431A}"
EndProject
Global
	GlobalSection(SolutionConfigurationPlatforms) = preSolution
		Debug|Any CPU = Debug|Any CPU
		Release|Any CPU = Release|Any CPU
	EndGlobalSection
	GlobalSection(ProjectConfigurationPlatforms) = postSolution
		{5C954653-B949-414C-9000-7E2794CFC72A}.Debug|Any CPU.ActiveCfg = Debug|Any CPU
		{5C954653-B949-414C-9000-7E2794CFC72A}.Debug|Any CPU.Build.0 = Debug|Any CPU
		{5C954653-B949-414C-9000-7E2794CFC72A}.Release|Any CPU.ActiveCfg = Release|Any CPU
		{5C954653-B949-414C-9000-7E2794CFC72A}.Release|Any CPU.Build.0 = Release|Any CPU
		{954CDE8B-5B6E-4056-9FA4-F5B0D311431A}.Debug|Any CPU.ActiveCfg = Debug|Any CPU
		{954CDE8B-5B6E-4056-9FA4-F5B0D311431A}.Debug|Any CPU.Build.0 = Debug|Any CPU
		{954CDE8B-5B6E-4056-9FA4-F5B0D311431A}.Release|Any CPU.ActiveCfg = Release|Any CPU
		{954CDE8B-5B6E-4056-9FA4-F5B0D311431A}.Release|Any CPU.Build.0 = Release|Any CPU
	EndGlobalSection
	GlobalSection(SolutionProperties) = preSolution
		HideSolutionNode = FALSE
	EndGlobalSection
	GlobalSection(ExtensibilityGlobals) = postSolution
		SolutionGuid = {32F4A5D6-5453-46C5-9316-405D9E6B8A9F}
	EndGlobalSection
EndGlobal
